// !$*UTF8*$!
{
	archiveVersion = 1;
	classes = {
	};
	objectVersion = 55;
	objects = {

/* Begin PBXBuildFile section */
		094BD34128DB018000B5C5D2 /* AppDelegate.swift in Sources */ = {isa = PBXBuildFile; fileRef = 094BD34028DB018000B5C5D2 /* AppDelegate.swift */; };
		094BD34328DB018000B5C5D2 /* SceneDelegate.swift in Sources */ = {isa = PBXBuildFile; fileRef = 094BD34228DB018000B5C5D2 /* SceneDelegate.swift */; };
		094BD34A28DB018100B5C5D2 /* Assets.xcassets in Resources */ = {isa = PBXBuildFile; fileRef = 094BD34928DB018100B5C5D2 /* Assets.xcassets */; };
		094BD34D28DB018100B5C5D2 /* LaunchScreen.storyboard in Resources */ = {isa = PBXBuildFile; fileRef = 094BD34B28DB018100B5C5D2 /* LaunchScreen.storyboard */; };
		094BD35528DB01AF00B5C5D2 /* View.swift in Sources */ = {isa = PBXBuildFile; fileRef = 094BD35428DB01AF00B5C5D2 /* View.swift */; };
		094BD35728DB01B600B5C5D2 /* Interactor.swift in Sources */ = {isa = PBXBuildFile; fileRef = 094BD35628DB01B600B5C5D2 /* Interactor.swift */; };
		094BD35928DB01BE00B5C5D2 /* Presenter.swift in Sources */ = {isa = PBXBuildFile; fileRef = 094BD35828DB01BE00B5C5D2 /* Presenter.swift */; };
		094BD35B28DB01C700B5C5D2 /* Entity.swift in Sources */ = {isa = PBXBuildFile; fileRef = 094BD35A28DB01C700B5C5D2 /* Entity.swift */; };
		094BD35D28DB01CD00B5C5D2 /* Router.swift in Sources */ = {isa = PBXBuildFile; fileRef = 094BD35C28DB01CD00B5C5D2 /* Router.swift */; };
/* End PBXBuildFile section */

/* Begin PBXFileReference section */
		094BD33D28DB018000B5C5D2 /* MovieAppWithVIPER.app */ = {isa = PBXFileReference; explicitFileType = wrapper.application; includeInIndex = 0; path = MovieAppWithVIPER.app; sourceTree = BUILT_PRODUCTS_DIR; };
		094BD34028DB018000B5C5D2 /* AppDelegate.swift */ = {isa = PBXFileReference; lastKnownFileType = sourcecode.swift; path = AppDelegate.swift; sourceTree = "<group>"; };
		094BD34228DB018000B5C5D2 /* SceneDelegate.swift */ = {isa = PBXFileReference; lastKnownFileType = sourcecode.swift; path = SceneDelegate.swift; sourceTree = "<group>"; };
		094BD34928DB018100B5C5D2 /* Assets.xcassets */ = {isa = PBXFileReference; lastKnownFileType = folder.assetcatalog; path = Assets.xcassets; sourceTree = "<group>"; };
		094BD34C28DB018100B5C5D2 /* Base */ = {isa = PBXFileReference; lastKnownFileType = file.storyboard; name = Base; path = Base.lproj/LaunchScreen.storyboard; sourceTree = "<group>"; };
		094BD34E28DB018100B5C5D2 /* Info.plist */ = {isa = PBXFileReference; lastKnownFileType = text.plist.xml; path = Info.plist; sourceTree = "<group>"; };
		094BD35428DB01AF00B5C5D2 /* View.swift */ = {isa = PBXFileReference; lastKnownFileType = sourcecode.swift; path = View.swift; sourceTree = "<group>"; };
		094BD35628DB01B600B5C5D2 /* Interactor.swift */ = {isa = PBXFileReference; lastKnownFileType = sourcecode.swift; path = Interactor.swift; sourceTree = "<group>"; };
		094BD35828DB01BE00B5C5D2 /* Presenter.swift */ = {isa = PBXFileReference; lastKnownFileType = sourcecode.swift; path = Presenter.swift; sourceTree = "<group>"; };
		094BD35A28DB01C700B5C5D2 /* Entity.swift */ = {isa = PBXFileReference; lastKnownFileType = sourcecode.swift; path = Entity.swift; sourceTree = "<group>"; };
		094BD35C28DB01CD00B5C5D2 /* Router.swift */ = {isa = PBXFileReference; lastKnownFileType = sourcecode.swift; path = Router.swift; sourceTree = "<group>"; };
/* End PBXFileReference section */

/* Begin PBXFrameworksBuildPhase section */
		094BD33A28DB018000B5C5D2 /* Frameworks */ = {
			isa = PBXFrameworksBuildPhase;
			buildActionMask = 2147483647;
			files = (
			);
			runOnlyForDeploymentPostprocessing = 0;
		};
/* End PBXFrameworksBuildPhase section */

/* Begin PBXGroup section */
		094BD33428DB018000B5C5D2 = {
			isa = PBXGroup;
			children = (
				094BD33F28DB018000B5C5D2 /* MovieAppWithVIPER */,
				094BD33E28DB018000B5C5D2 /* Products */,
			);
			sourceTree = "<group>";
		};
		094BD33E28DB018000B5C5D2 /* Products */ = {
			isa = PBXGroup;
			children = (
				094BD33D28DB018000B5C5D2 /* MovieAppWithVIPER.app */,
			);
			name = Products;
			sourceTree = "<group>";
		};
		094BD33F28DB018000B5C5D2 /* MovieAppWithVIPER */ = {
			isa = PBXGroup;
			children = (
				094BD34028DB018000B5C5D2 /* AppDelegate.swift */,
				094BD34228DB018000B5C5D2 /* SceneDelegate.swift */,
				094BD34928DB018100B5C5D2 /* Assets.xcassets */,
				094BD34B28DB018100B5C5D2 /* LaunchScreen.storyboard */,
				094BD34E28DB018100B5C5D2 /* Info.plist */,
				094BD35428DB01AF00B5C5D2 /* View.swift */,
				094BD35628DB01B600B5C5D2 /* Interactor.swift */,
				094BD35828DB01BE00B5C5D2 /* Presenter.swift */,
				094BD35A28DB01C700B5C5D2 /* Entity.swift */,
				094BD35C28DB01CD00B5C5D2 /* Router.swift */,
			);
			path = MovieAppWithVIPER;
			sourceTree = "<group>";
		};
/* End PBXGroup section */

/* Begin PBXNativeTarget section */
		094BD33C28DB018000B5C5D2 /* MovieAppWithVIPER */ = {
			isa = PBXNativeTarget;
			buildConfigurationList = 094BD35128DB018100B5C5D2 /* Build configuration list for PBXNativeTarget "MovieAppWithVIPER" */;
			buildPhases = (
				094BD33928DB018000B5C5D2 /* Sources */,
				094BD33A28DB018000B5C5D2 /* Frameworks */,
				094BD33B28DB018000B5C5D2 /* Resources */,
			);
			buildRules = (
			);
			dependencies = (
			);
			name = MovieAppWithVIPER;
			productName = MovieAppWithVIPER;
			productReference = 094BD33D28DB018000B5C5D2 /* MovieAppWithVIPER.app */;
			productType = "com.apple.product-type.application";
		};
/* End PBXNativeTarget section */

/* Begin PBXProject section */
		094BD33528DB018000B5C5D2 /* Project object */ = {
			isa = PBXProject;
			attributes = {
				BuildIndependentTargetsInParallel = 1;
				LastSwiftUpdateCheck = 1330;
				LastUpgradeCheck = 1330;
				TargetAttributes = {
					094BD33C28DB018000B5C5D2 = {
						CreatedOnToolsVersion = 13.3.1;
					};
				};
			};
			buildConfigurationList = 094BD33828DB018000B5C5D2 /* Build configuration list for PBXProject "MovieAppWithVIPER" */;
			compatibilityVersion = "Xcode 13.0";
			developmentRegion = en;
			hasScannedForEncodings = 0;
			knownRegions = (
				en,
				Base,
			);
			mainGroup = 094BD33428DB018000B5C5D2;
			productRefGroup = 094BD33E28DB018000B5C5D2 /* Products */;
			projectDirPath = "";
			projectRoot = "";
			targets = (
				094BD33C28DB018000B5C5D2 /* MovieAppWithVIPER */,
			);
		};
/* End PBXProject section */

/* Begin PBXResourcesBuildPhase section */
		094BD33B28DB018000B5C5D2 /* Resources */ = {
			isa = PBXResourcesBuildPhase;
			buildActionMask = 2147483647;
			files = (
				094BD34D28DB018100B5C5D2 /* LaunchScreen.storyboard in Resources */,
				094BD34A28DB018100B5C5D2 /* Assets.xcassets in Resources */,
			);
			runOnlyForDeploymentPostprocessing = 0;
		};
/* End PBXResourcesBuildPhase section */

/* Begin PBXSourcesBuildPhase section */
		094BD33928DB018000B5C5D2 /* Sources */ = {
			isa = PBXSourcesBuildPhase;
			buildActionMask = 2147483647;
			files = (
				094BD35D28DB01CD00B5C5D2 /* Router.swift in Sources */,
				094BD35928DB01BE00B5C5D2 /* Presenter.swift in Sources */,
				094BD35528DB01AF00B5C5D2 /* View.swift in Sources */,
				094BD35B28DB01C700B5C5D2 /* Entity.swift in Sources */,
				094BD35728DB01B600B5C5D2 /* Interactor.swift in Sources */,
				094BD34128DB018000B5C5D2 /* AppDelegate.swift in Sources */,
				094BD34328DB018000B5C5D2 /* SceneDelegate.swift in Sources */,
			);
			runOnlyForDeploymentPostprocessing = 0;
		};
/* End PBXSourcesBuildPhase section */

/* Begin PBXVariantGroup section */
		094BD34B28DB018100B5C5D2 /* LaunchScreen.storyboard */ = {
			isa = PBXVariantGroup;
			children = (
				094BD34C28DB018100B5C5D2 /* Base */,
			);
			name = LaunchScreen.storyboard;
			sourceTree = "<group>";
		};
/* End PBXVariantGroup section */

/* Begin XCBuildConfiguration section */
		094BD34F28DB018100B5C5D2 /* Debug */ = {
			isa = XCBuildConfiguration;
			buildSettings = {
				ALWAYS_SEARCH_USER_PATHS = NO;
				CLANG_ANALYZER_NONNULL = YES;
				CLANG_ANALYZER_NUMBER_OBJECT_CONVERSION = YES_AGGRESSIVE;
				CLANG_CXX_LANGUAGE_STANDARD = "gnu++17";
				CLANG_ENABLE_MODULES = YES;
				CLANG_ENABLE_OBJC_ARC = YES;
				CLANG_ENABLE_OBJC_WEAK = YES;
				CLANG_WARN_BLOCK_CAPTURE_AUTORELEASING = YES;
				CLANG_WARN_BOOL_CONVERSION = YES;
				CLANG_WARN_COMMA = YES;
				CLANG_WARN_CONSTANT_CONVERSION = YES;
				CLANG_WARN_DEPRECATED_OBJC_IMPLEMENTATIONS = YES;
				CLANG_WARN_DIRECT_OBJC_ISA_USAGE = YES_ERROR;
				CLANG_WARN_DOCUMENTATION_COMMENTS = YES;
				CLANG_WARN_EMPTY_BODY = YES;
				CLANG_WARN_ENUM_CONVERSION = YES;
				CLANG_WARN_INFINITE_RECURSION = YES;
				CLANG_WARN_INT_CONVERSION = YES;
				CLANG_WARN_NON_LITERAL_NULL_CONVERSION = YES;
				CLANG_WARN_OBJC_IMPLICIT_RETAIN_SELF = YES;
				CLANG_WARN_OBJC_LITERAL_CONVERSION = YES;
				CLANG_WARN_OBJC_ROOT_CLASS = YES_ERROR;
				CLANG_WARN_QUOTED_INCLUDE_IN_FRAMEWORK_HEADER = YES;
				CLANG_WARN_RANGE_LOOP_ANALYSIS = YES;
				CLANG_WARN_STRICT_PROTOTYPES = YES;
				CLANG_WARN_SUSPICIOUS_MOVE = YES;
				CLANG_WARN_UNGUARDED_AVAILABILITY = YES_AGGRESSIVE;
				CLANG_WARN_UNREACHABLE_CODE = YES;
				CLANG_WARN__DUPLICATE_METHOD_MATCH = YES;
				COPY_PHASE_STRIP = NO;
				DEBUG_INFORMATION_FORMAT = dwarf;
				ENABLE_STRICT_OBJC_MSGSEND = YES;
				ENABLE_TESTABILITY = YES;
				GCC_C_LANGUAGE_STANDARD = gnu11;
				GCC_DYNAMIC_NO_PIC = NO;
				GCC_NO_COMMON_BLOCKS = YES;
				GCC_OPTIMIZATION_LEVEL = 0;
				GCC_PREPROCESSOR_DEFINITIONS = (
					"DEBUG=1",
					"$(inherited)",
				);
				GCC_WARN_64_TO_32_BIT_CONVERSION = YES;
				GCC_WARN_ABOUT_RETURN_TYPE = YES_ERROR;
				GCC_WARN_UNDECLARED_SELECTOR = YES;
				GCC_WARN_UNINITIALIZED_AUTOS = YES_AGGRESSIVE;
				GCC_WARN_UNUSED_FUNCTION = YES;
				GCC_WARN_UNUSED_VARIABLE = YES;
				IPHONEOS_DEPLOYMENT_TARGET = 15.4;
				MTL_ENABLE_DEBUG_INFO = INCLUDE_SOURCE;
				MTL_FAST_MATH = YES;
				ONLY_ACTIVE_ARCH = YES;
				SDKROOT = iphoneos;
				SWIFT_ACTIVE_COMPILATION_CONDITIONS = DEBUG;
				SWIFT_OPTIMIZATION_LEVEL = "-Onone";
			};
			name = Debug;
		};
		094BD35028DB018100B5C5D2 /* Release */ = {
			isa = XCBuildConfiguration;
			buildSettings = {
				ALWAYS_SEARCH_USER_PATHS = NO;
				CLANG_ANALYZER_NONNULL = YES;
				CLANG_ANALYZER_NUMBER_OBJECT_CONVERSION = YES_AGGRESSIVE;
				CLANG_CXX_LANGUAGE_STANDARD = "gnu++17";
				CLANG_ENABLE_MODULES = YES;
				CLANG_ENABLE_OBJC_ARC = YES;
				CLANG_ENABLE_OBJC_WEAK = YES;
				CLANG_WARN_BLOCK_CAPTURE_AUTORELEASING = YES;
				CLANG_WARN_BOOL_CONVERSION = YES;
				CLANG_WARN_COMMA = YES;
				CLANG_WARN_CONSTANT_CONVERSION = YES;
				CLANG_WARN_DEPRECATED_OBJC_IMPLEMENTATIONS = YES;
				CLANG_WARN_DIRECT_OBJC_ISA_USAGE = YES_ERROR;
				CLANG_WARN_DOCUMENTATION_COMMENTS = YES;
				CLANG_WARN_EMPTY_BODY = YES;
				CLANG_WARN_ENUM_CONVERSION = YES;
				CLANG_WARN_INFINITE_RECURSION = YES;
				CLANG_WARN_INT_CONVERSION = YES;
				CLANG_WARN_NON_LITERAL_NULL_CONVERSION = YES;
				CLANG_WARN_OBJC_IMPLICIT_RETAIN_SELF = YES;
				CLANG_WARN_OBJC_LITERAL_CONVERSION = YES;
				CLANG_WARN_OBJC_ROOT_CLASS = YES_ERROR;
				CLANG_WARN_QUOTED_INCLUDE_IN_FRAMEWORK_HEADER = YES;
				CLANG_WARN_RANGE_LOOP_ANALYSIS = YES;
				CLANG_WARN_STRICT_PROTOTYPES = YES;
				CLANG_WARN_SUSPICIOUS_MOVE = YES;
				CLANG_WARN_UNGUARDED_AVAILABILITY = YES_AGGRESSIVE;
				CLANG_WARN_UNREACHABLE_CODE = YES;
				CLANG_WARN__DUPLICATE_METHOD_MATCH = YES;
				COPY_PHASE_STRIP = NO;
				DEBUG_INFORMATION_FORMAT = "dwarf-with-dsym";
				ENABLE_NS_ASSERTIONS = NO;
				ENABLE_STRICT_OBJC_MSGSEND = YES;
				GCC_C_LANGUAGE_STANDARD = gnu11;
				GCC_NO_COMMON_BLOCKS = YES;
				GCC_WARN_64_TO_32_BIT_CONVERSION = YES;
				GCC_WARN_ABOUT_RETURN_TYPE = YES_ERROR;
				GCC_WARN_UNDECLARED_SELECTOR = YES;
				GCC_WARN_UNINITIALIZED_AUTOS = YES_AGGRESSIVE;
				GCC_WARN_UNUSED_FUNCTION = YES;
				GCC_WARN_UNUSED_VARIABLE = YES;
				IPHONEOS_DEPLOYMENT_TARGET = 15.4;
				MTL_ENABLE_DEBUG_INFO = NO;
				MTL_FAST_MATH = YES;
				SDKROOT = iphoneos;
				SWIFT_COMPILATION_MODE = wholemodule;
				SWIFT_OPTIMIZATION_LEVEL = "-O";
				VALIDATE_PRODUCT = YES;
			};
			name = Release;
		};
		094BD35228DB018100B5C5D2 /* Debug */ = {
			isa = XCBuildConfiguration;
			buildSettings = {
				ASSETCATALOG_COMPILER_APPICON_NAME = AppIcon;
				ASSETCATALOG_COMPILER_GLOBAL_ACCENT_COLOR_NAME = AccentColor;
				CODE_SIGN_STYLE = Automatic;
				CURRENT_PROJECT_VERSION = 1;
				DEVELOPMENT_TEAM = 4AA3UHVMV6;
				GENERATE_INFOPLIST_FILE = YES;
				INFOPLIST_FILE = MovieAppWithVIPER/Info.plist;
				INFOPLIST_KEY_UIApplicationSupportsIndirectInputEvents = YES;
				INFOPLIST_KEY_UILaunchStoryboardName = LaunchScreen;
				INFOPLIST_KEY_UISupportedInterfaceOrientations_iPad = "UIInterfaceOrientationPortrait UIInterfaceOrientationPortraitUpsideDown UIInterfaceOrientationLandscapeLeft UIInterfaceOrientationLandscapeRight";
				INFOPLIST_KEY_UISupportedInterfaceOrientations_iPhone = "UIInterfaceOrientationPortrait UIInterfaceOrientationLandscapeLeft UIInterfaceOrientationLandscapeRight";
				LD_RUNPATH_SEARCH_PATHS = (
					"$(inherited)",
					"@executable_path/Frameworks",
				);
				MARKETING_VERSION = 1.0;
				PRODUCT_BUNDLE_IDENTIFIER = com.bedirhanaltun.MovieAppWithVIPER;
				PRODUCT_NAME = "$(TARGET_NAME)";
				SWIFT_EMIT_LOC_STRINGS = YES;
				SWIFT_VERSION = 5.0;
				TARGETED_DEVICE_FAMILY = "1,2";
			};
			name = Debug;
		};
		094BD35328DB018100B5C5D2 /* Release */ = {
			isa = XCBuildConfiguration;
			buildSettings = {
				ASSETCATALOG_COMPILER_APPICON_NAME = AppIcon;
				ASSETCATALOG_COMPILER_GLOBAL_ACCENT_COLOR_NAME = AccentColor;
				CODE_SIGN_STYLE = Automatic;
				CURRENT_PROJECT_VERSION = 1;
				DEVELOPMENT_TEAM = 4AA3UHVMV6;
				GENERATE_INFOPLIST_FILE = YES;
				INFOPLIST_FILE = MovieAppWithVIPER/Info.plist;
				INFOPLIST_KEY_UIApplicationSupportsIndirectInputEvents = YES;
				INFOPLIST_KEY_UILaunchStoryboardName = LaunchScreen;
				INFOPLIST_KEY_UISupportedInterfaceOrientations_iPad = "UIInterfaceOrientationPortrait UIInterfaceOrientationPortraitUpsideDown UIInterfaceOrientationLandscapeLeft UIInterfaceOrientationLandscapeRight";
				INFOPLIST_KEY_UISupportedInterfaceOrientations_iPhone = "UIInterfaceOrientationPortrait UIInterfaceOrientationLandscapeLeft UIInterfaceOrientationLandscapeRight";
				LD_RUNPATH_SEARCH_PATHS = (
					"$(inherited)",
					"@executable_path/Frameworks",
				);
				MARKETING_VERSION = 1.0;
				PRODUCT_BUNDLE_IDENTIFIER = com.bedirhanaltun.MovieAppWithVIPER;
				PRODUCT_NAME = "$(TARGET_NAME)";
				SWIFT_EMIT_LOC_STRINGS = YES;
				SWIFT_VERSION = 5.0;
				TARGETED_DEVICE_FAMILY = "1,2";
			};
			name = Release;
		};
/* End XCBuildConfiguration section */

/* Begin XCConfigurationList section */
		094BD33828DB018000B5C5D2 /* Build configuration list for PBXProject "MovieAppWithVIPER" */ = {
			isa = XCConfigurationList;
			buildConfigurations = (
				094BD34F28DB018100B5C5D2 /* Debug */,
				094BD35028DB018100B5C5D2 /* Release */,
			);
			defaultConfigurationIsVisible = 0;
			defaultConfigurationName = Release;
		};
		094BD35128DB018100B5C5D2 /* Build configuration list for PBXNativeTarget "MovieAppWithVIPER" */ = {
			isa = XCConfigurationList;
			buildConfigurations = (
				094BD35228DB018100B5C5D2 /* Debug */,
				094BD35328DB018100B5C5D2 /* Release */,
			);
			defaultConfigurationIsVisible = 0;
			defaultConfigurationName = Release;
		};
/* End XCConfigurationList section */
	};
	rootObject = 094BD33528DB018000B5C5D2 /* Project object */;
}
